
Microsoft Visual Studio Solution File, Format Version 11.00
# Visual Studio 2010
Project("{FAE04EC0-301F-11D3-BF4B-00C04F79EFBC}") = "BackEndDraft", "BackEndDraft\BackEndDraft.csproj", "{13710B60-994B-458C-A51F-28042C073CDF}"
EndProject
Project("{54435603-DBB4-11D2-8724-00A0C9A8B90C}") = "WebServiceInstaller", "WebServiceInstaller\WebServiceInstaller.vdproj", "{6F4F128F-4FE0-4870-878A-887CE4394862}"
EndProject
Global
	GlobalSection(SolutionConfigurationPlatforms) = preSolution
		Debug|Any CPU = Debug|Any CPU
		Release|Any CPU = Release|Any CPU
	EndGlobalSection
	GlobalSection(ProjectConfigurationPlatforms) = postSolution
		{13710B60-994B-458C-A51F-28042C073CDF}.Debug|Any CPU.ActiveCfg = Debug|Any CPU
		{13710B60-994B-458C-A51F-28042C073CDF}.Debug|Any CPU.Build.0 = Debug|Any CPU
		{13710B60-994B-458C-A51F-28042C073CDF}.Release|Any CPU.ActiveCfg = Release|Any CPU
		{13710B60-994B-458C-A51F-28042C073CDF}.Release|Any CPU.Build.0 = Release|Any CPU
		{6F4F128F-4FE0-4870-878A-887CE4394862}.Debug|Any CPU.ActiveCfg = Debug
		{6F4F128F-4FE0-4870-878A-887CE4394862}.Release|Any CPU.ActiveCfg = Release
	EndGlobalSection
	GlobalSection(SolutionProperties) = preSolution
		HideSolutionNode = FALSE
	EndGlobalSection
EndGlobal
